{
  "name": "@wpmedia/line-chart-block",
  "version": "1.0.0",
  "lockfileVersion": 1,
  "requires": true,
  "dependencies": {
    "d3-array": {
      "version": "1.2.4",
      "resolved": "https://registry.npmjs.org/d3-array/-/d3-array-1.2.4.tgz",
      "integrity": "sha512-KHW6M86R+FUPYGb3R5XiYjXPq7VzwxZ22buHhAEVG5ztoEcZZMLov530mmccaqA1GghZArjQV46fuc8kUqhhHw=="
    },
    "d3-collection": {
      "version": "1.0.7",
      "resolved": "https://registry.npmjs.org/d3-collection/-/d3-collection-1.0.7.tgz",
      "integrity": "sha512-ii0/r5f4sjKNTfh84Di+DpztYwqKhEyUlKoPrzUFfeSkWxjW49xU2QzO9qrPrNkpdI0XJkfzvmTu8V2Zylln6A=="
    },
    "d3-color": {
      "version": "1.4.1",
      "resolved": "https://registry.npmjs.org/d3-color/-/d3-color-1.4.1.tgz",
      "integrity": "sha512-p2sTHSLCJI2QKunbGb7ocOh7DgTAn8IrLx21QRc/BSnodXM4sv6aLQlnfpvehFMLZEfBc6g9pH9SWQccFYfJ9Q=="
    },
    "d3-ease": {
      "version": "1.0.7",
      "resolved": "https://registry.npmjs.org/d3-ease/-/d3-ease-1.0.7.tgz",
      "integrity": "sha512-lx14ZPYkhNx0s/2HX5sLFUI3mbasHjSSpwO/KaaNACweVwxUruKyWVcb293wMv1RqTPZyZ8kSZ2NogUZNcLOFQ=="
    },
    "d3-format": {
      "version": "1.4.5",
      "resolved": "https://registry.npmjs.org/d3-format/-/d3-format-1.4.5.tgz",
      "integrity": "sha512-J0piedu6Z8iB6TbIGfZgDzfXxUFN3qQRMofy2oPdXzQibYGqPB/9iMcxr/TGalU+2RsyDO+U4f33id8tbnSRMQ=="
    },
    "d3-interpolate": {
      "version": "1.4.0",
      "resolved": "https://registry.npmjs.org/d3-interpolate/-/d3-interpolate-1.4.0.tgz",
      "integrity": "sha512-V9znK0zc3jOPV4VD2zZn0sDhZU3WAE2bmlxdIwwQPPzPjvyLkd8B3JUVdS1IDUFDkWZ72c9qnv1GK2ZagTZ8EA==",
      "requires": {
        "d3-color": "1"
      }
    },
    "d3-path": {
      "version": "1.0.9",
      "resolved": "https://registry.npmjs.org/d3-path/-/d3-path-1.0.9.tgz",
      "integrity": "sha512-VLaYcn81dtHVTjEHd8B+pbe9yHWpXKZUC87PzoFmsFrJqgFwDe/qxfp5MlfsfM1V5E/iVt0MmEbWQ7FVIXh/bg=="
    },
    "d3-scale": {
      "version": "1.0.7",
      "resolved": "https://registry.npmjs.org/d3-scale/-/d3-scale-1.0.7.tgz",
      "integrity": "sha512-KvU92czp2/qse5tUfGms6Kjig0AhHOwkzXG0+PqIJB3ke0WUv088AHMZI0OssO9NCkXt4RP8yju9rpH8aGB7Lw==",
      "requires": {
        "d3-array": "^1.2.0",
        "d3-collection": "1",
        "d3-color": "1",
        "d3-format": "1",
        "d3-interpolate": "1",
        "d3-time": "1",
        "d3-time-format": "2"
      }
    },
    "d3-shape": {
      "version": "1.3.7",
      "resolved": "https://registry.npmjs.org/d3-shape/-/d3-shape-1.3.7.tgz",
      "integrity": "sha512-EUkvKjqPFUAZyOlhY5gzCxCeI0Aep04LwIRpsZ/mLFelJiUfnK56jo5JMDSE7yyP2kLSb6LtF+S5chMk7uqPqw==",
      "requires": {
        "d3-path": "1"
      }
    },
    "d3-time": {
      "version": "1.1.0",
      "resolved": "https://registry.npmjs.org/d3-time/-/d3-time-1.1.0.tgz",
      "integrity": "sha512-Xh0isrZ5rPYYdqhAVk8VLnMEidhz5aP7htAADH6MfzgmmicPkTo8LhkLxci61/lCB7n7UmE3bN0leRt+qvkLxA=="
    },
    "d3-time-format": {
      "version": "2.3.0",
      "resolved": "https://registry.npmjs.org/d3-time-format/-/d3-time-format-2.3.0.tgz",
      "integrity": "sha512-guv6b2H37s2Uq/GefleCDtbe0XZAuy7Wa49VGkPVPMfLL9qObgBST3lEHJBMUp8S7NdLQAGIvr2KXk8Hc98iKQ==",
      "requires": {
        "d3-time": "1"
      }
    },
    "d3-timer": {
      "version": "1.0.10",
      "resolved": "https://registry.npmjs.org/d3-timer/-/d3-timer-1.0.10.tgz",
      "integrity": "sha512-B1JDm0XDaQC+uvo4DT79H0XmBskgS3l6Ve+1SBCfxgmtIb1AVrPIoqd+nPSv+loMX8szQ0sVUhGngL7D5QPiXw=="
    },
    "d3-voronoi": {
      "version": "1.1.4",
      "resolved": "https://registry.npmjs.org/d3-voronoi/-/d3-voronoi-1.1.4.tgz",
      "integrity": "sha512-dArJ32hchFsrQ8uMiTBLq256MpnZjeuBtdHpaDlYuQyjU0CVzCJl/BVW+SkszaAeH95D/8gxqAhgx0ouAWAfRg=="
    },
    "delaunator": {
      "version": "4.0.1",
      "resolved": "https://registry.npmjs.org/delaunator/-/delaunator-4.0.1.tgz",
      "integrity": "sha512-WNPWi1IRKZfCt/qIDMfERkDp93+iZEmOxN2yy4Jg+Xhv8SLk2UTqqbe1sfiipn0and9QrE914/ihdx82Y/Giag=="
    },
    "delaunay-find": {
      "version": "0.0.5",
      "resolved": "https://registry.npmjs.org/delaunay-find/-/delaunay-find-0.0.5.tgz",
      "integrity": "sha512-7yAJ/wmKWj3SgqjtkGqT/RCwI0HWAo5YnHMoF5nYXD8cdci+YSo23iPmgrZUNOpDxRWN91PqxUvMMr2lKpjr+w==",
      "requires": {
        "delaunator": "^4.0.0"
      }
    },
    "internmap": {
      "version": "1.0.1",
      "resolved": "https://registry.npmjs.org/internmap/-/internmap-1.0.1.tgz",
      "integrity": "sha512-lDB5YccMydFBtasVtxnZ3MRBHuaoE8GKsppq+EchKL2U4nK/DmEpPHNH8MZe5HkMtpSiTSOZwfN0tzYjO/lJEw=="
    },
    "js-tokens": {
      "version": "4.0.0",
      "resolved": "https://registry.npmjs.org/js-tokens/-/js-tokens-4.0.0.tgz",
      "integrity": "sha512-RdJUflcE3cUzKiMqQgsCu06FPu9UdIJO0beYbPhHN4k6apgJtifcoCtT9bcxOpYBtpD2kCM6Sbzg4CausW/PKQ=="
    },
    "json-stringify-safe": {
      "version": "5.0.1",
      "resolved": "https://registry.npmjs.org/json-stringify-safe/-/json-stringify-safe-5.0.1.tgz",
      "integrity": "sha1-Epai1Y/UXxmg9s4B1lcB4sc1tus="
    },
    "lodash": {
      "version": "4.17.21",
      "resolved": "https://registry.npmjs.org/lodash/-/lodash-4.17.21.tgz",
      "integrity": "sha512-v2kDEe57lecTulaDIuNTPy3Ry4gLGJ6Z1O3vE1krgXZNrsQ+LFTGHVxVjcXPs17LhbZVGedAJv8XZ1tvj5FvSg=="
    },
    "loose-envify": {
      "version": "1.4.0",
      "resolved": "https://registry.npmjs.org/loose-envify/-/loose-envify-1.4.0.tgz",
      "integrity": "sha512-lyuxPGr/Wfhrlem2CL/UcnUc1zcqKAImBDzukY7Y5F/yQiNdko6+fRLevlw1HgMySw7f611UIY408EtxRSoK3Q==",
      "requires": {
        "js-tokens": "^3.0.0 || ^4.0.0"
      }
    },
    "object-assign": {
      "version": "4.1.1",
      "resolved": "https://registry.npmjs.org/object-assign/-/object-assign-4.1.1.tgz",
      "integrity": "sha1-IQmtx5ZYh8/AXLvUQsrIv7s2CGM="
    },
    "prop-types": {
      "version": "15.7.2",
      "resolved": "https://registry.npmjs.org/prop-types/-/prop-types-15.7.2.tgz",
      "integrity": "sha512-8QQikdH7//R2vurIJSutZ1smHYTcLpRWEOlHnzcWHmBYrOGUysKwSsrC89BCiFj3CbrfJ/nXFdJepOVrY1GCHQ==",
      "requires": {
        "loose-envify": "^1.4.0",
        "object-assign": "^4.1.1",
        "react-is": "^16.8.1"
      }
    },
    "react-fast-compare": {
      "version": "2.0.4",
      "resolved": "https://registry.npmjs.org/react-fast-compare/-/react-fast-compare-2.0.4.tgz",
      "integrity": "sha512-suNP+J1VU1MWFKcyt7RtjiSWUjvidmQSlqu+eHslq+342xCbGTYmC0mEhPCOHxlW0CywylOC1u2DFAT+bv4dBw=="
    },
    "react-is": {
      "version": "16.13.1",
      "resolved": "https://registry.npmjs.org/react-is/-/react-is-16.13.1.tgz",
      "integrity": "sha512-24e6ynE2H+OKt4kqsOvNd8kBpV65zoxbA4BVsEOB3ARVWQki/DHzaUoC5KuON/BiccDaCCTZBuOcfZs70kR8bQ=="
    },
    "victory": {
      "version": "35.6.1",
      "resolved": "https://registry.npmjs.org/victory/-/victory-35.6.1.tgz",
      "integrity": "sha512-gw+xM1NpKu3shjZa7RTAK+8ou0StH4WstjtsiGcxRyhH3MXuO3d7+Ith6mzHCI0UNZ5jZs1bRC1XEDltm8IJZA==",
      "requires": {
        "victory-area": "^35.6.1",
        "victory-axis": "^35.6.1",
        "victory-bar": "^35.6.1",
        "victory-box-plot": "^35.6.1",
        "victory-brush-container": "^35.6.1",
        "victory-brush-line": "^35.6.1",
        "victory-candlestick": "^35.6.1",
        "victory-chart": "^35.6.1",
        "victory-core": "^35.6.1",
        "victory-create-container": "^35.6.1",
        "victory-cursor-container": "^35.6.1",
        "victory-errorbar": "^35.6.1",
        "victory-group": "^35.6.1",
        "victory-histogram": "^35.6.1",
        "victory-legend": "^35.6.1",
        "victory-line": "^35.6.1",
        "victory-pie": "^35.6.1",
        "victory-polar-axis": "^35.6.1",
        "victory-scatter": "^35.6.1",
        "victory-selection-container": "^35.6.1",
        "victory-shared-events": "^35.6.1",
        "victory-stack": "^35.6.1",
        "victory-tooltip": "^35.6.1",
        "victory-voronoi": "^35.6.1",
        "victory-voronoi-container": "^35.6.1",
        "victory-zoom-container": "^35.6.1"
      }
    },
    "victory-area": {
      "version": "35.6.1",
      "resolved": "https://registry.npmjs.org/victory-area/-/victory-area-35.6.1.tgz",
      "integrity": "sha512-NEJAEBWqA1ikftaqKRpkVoZUEscCJogtpu+4MjtRGtlGnVq6nS5ilHiOQgLXVjokLeGZ5qju8+Wzq8NVtoPuAA==",
      "requires": {
        "d3-shape": "^1.2.0",
        "lodash": "^4.17.19",
        "prop-types": "^15.5.8",
        "victory-core": "^35.6.1"
      }
    },
    "victory-axis": {
      "version": "35.6.1",
      "resolved": "https://registry.npmjs.org/victory-axis/-/victory-axis-35.6.1.tgz",
      "integrity": "sha512-FZ1MwWr1KGZtPITbC2n7DgatuAWhDavVtSu2h80IUyXQpoGJ/jMvYnzPxO4q2t6qtMimtVfDKUnnCNNH8vkwvA==",
      "requires": {
        "lodash": "^4.17.19",
        "prop-types": "^15.5.8",
        "victory-core": "^35.6.1"
      }
    },
    "victory-bar": {
      "version": "35.6.1",
      "resolved": "https://registry.npmjs.org/victory-bar/-/victory-bar-35.6.1.tgz",
      "integrity": "sha512-iR7o2vcWUF9QMQkdC23j1uLOLdtYUUuylSProbJAPVKAh/DC/zhyr7C6vHRCbQr2kny+PD8Fmbhqbo5IkVokig==",
      "requires": {
        "d3-shape": "^1.2.0",
        "lodash": "^4.17.19",
        "prop-types": "^15.5.8",
        "victory-core": "^35.6.1"
      }
    },
    "victory-box-plot": {
      "version": "35.6.1",
      "resolved": "https://registry.npmjs.org/victory-box-plot/-/victory-box-plot-35.6.1.tgz",
      "integrity": "sha512-n3J4+Wm4nxONGQ39Ilf70UQgodDJyc7UE/cl/OncCL8MxZVc1y5SjC6d8Xt96U9pca/wYhKvdzTyaTEy0lr5Dg==",
      "requires": {
        "d3-array": "^1.2.0",
        "lodash": "^4.17.19",
        "prop-types": "^15.5.8",
        "victory-core": "^35.6.1"
      }
    },
    "victory-brush-container": {
      "version": "35.6.1",
      "resolved": "https://registry.npmjs.org/victory-brush-container/-/victory-brush-container-35.6.1.tgz",
      "integrity": "sha512-6UTp6Iz3mm0J8D61NwDAOguyx+IYNgIscZFbw1SLAiOZoOqLdYe22yGoMbzcC0+D8RnIyf4fXxA9ZUQWVzuOgQ==",
      "requires": {
        "lodash": "^4.17.19",
        "prop-types": "^15.5.8",
        "react-fast-compare": "^2.0.0",
        "victory-core": "^35.6.1"
      }
    },
    "victory-brush-line": {
      "version": "35.6.1",
      "resolved": "https://registry.npmjs.org/victory-brush-line/-/victory-brush-line-35.6.1.tgz",
      "integrity": "sha512-E54z23dc1SZJiKiFJsAxtSGOz5f4TFjCw/wjhdOlPhQ1wHmudOZVO7p5AQ+o6bSY+vu8Kg4M9zEvEmCUVauBDw==",
      "requires": {
        "lodash": "^4.17.19",
        "prop-types": "^15.5.8",
        "react-fast-compare": "^2.0.0",
        "victory-core": "^35.6.1"
      }
    },
    "victory-candlestick": {
      "version": "35.6.1",
      "resolved": "https://registry.npmjs.org/victory-candlestick/-/victory-candlestick-35.6.1.tgz",
      "integrity": "sha512-en9SH2HmjvT9unyczzNP7QkimfE6+rpkKdIEO2q6mNIrcOrCYV2P8uepT+E98wYJ0yiIKhUUjWSqG0n9jp4agg==",
      "requires": {
        "lodash": "^4.17.19",
        "prop-types": "^15.5.8",
        "victory-core": "^35.6.1"
      }
    },
    "victory-chart": {
      "version": "35.6.1",
      "resolved": "https://registry.npmjs.org/victory-chart/-/victory-chart-35.6.1.tgz",
      "integrity": "sha512-HnpZw9m0ogsBoWzkkSWQj6BjC3tdVkIznn3cGhdFe2SnkIpqn3YsDFK6W1k/97TJlcfKjBnnzvWY3lN89xCX8A==",
      "requires": {
        "lodash": "^4.17.19",
        "prop-types": "^15.5.8",
        "react-fast-compare": "^2.0.0",
        "victory-axis": "^35.6.1",
        "victory-core": "^35.6.1",
        "victory-polar-axis": "^35.6.1",
        "victory-shared-events": "^35.6.1"
      }
    },
    "victory-core": {
      "version": "35.6.1",
      "resolved": "https://registry.npmjs.org/victory-core/-/victory-core-35.6.1.tgz",
      "integrity": "sha512-Sa8Kg5xyldw4rvOIj0n1gkiZzaCdFUEKcsoGxn3tCfAOUvNrgBuqZrz4mP/iksM3Oa1mss6e7nADDRIU/NuTjg==",
      "requires": {
        "d3-ease": "^1.0.0",
        "d3-interpolate": "^1.1.1",
        "d3-scale": "^1.0.0",
        "d3-shape": "^1.2.0",
        "d3-timer": "^1.0.0",
        "lodash": "^4.17.21",
        "prop-types": "^15.5.8",
        "react-fast-compare": "^2.0.0"
      }
    },
    "victory-create-container": {
      "version": "35.6.1",
      "resolved": "https://registry.npmjs.org/victory-create-container/-/victory-create-container-35.6.1.tgz",
      "integrity": "sha512-+L7jHFKKBU0TY5ezPl9VoIVrBEgqN3qz5p+Z+hvhU9G5dhneeRrYwNzpgYiy81lgwHLg4HNH+p9zdtcZd4oo4w==",
      "requires": {
        "lodash": "^4.17.19",
        "victory-brush-container": "^35.6.1",
        "victory-core": "^35.6.1",
        "victory-cursor-container": "^35.6.1",
        "victory-selection-container": "^35.6.1",
        "victory-voronoi-container": "^35.6.1",
        "victory-zoom-container": "^35.6.1"
      }
    },
    "victory-cursor-container": {
      "version": "35.6.1",
      "resolved": "https://registry.npmjs.org/victory-cursor-container/-/victory-cursor-container-35.6.1.tgz",
      "integrity": "sha512-mILiwlC6CIuIC4oE7wfQl6KVgIbrBOV0PGQiB9rFL0WV/gihJNlkxEjGAbRdYyumE/ehAzx5DYG4oA49aKlkKQ==",
      "requires": {
        "lodash": "^4.17.19",
        "prop-types": "^15.5.8",
        "victory-core": "^35.6.1"
      }
    },
    "victory-errorbar": {
      "version": "35.6.1",
      "resolved": "https://registry.npmjs.org/victory-errorbar/-/victory-errorbar-35.6.1.tgz",
      "integrity": "sha512-76W1GLMGi0uc/va8SL1j3y+BWSyLvB0ttft+gCKKnRuRYPZNe4oCQuA0hxW62WC9qIaL59Klv+RMQTMFXTtZNw==",
      "requires": {
        "lodash": "^4.17.19",
        "prop-types": "^15.5.8",
        "victory-core": "^35.6.1"
      }
    },
    "victory-group": {
      "version": "35.6.1",
      "resolved": "https://registry.npmjs.org/victory-group/-/victory-group-35.6.1.tgz",
      "integrity": "sha512-EXZfsMMhlrlqxOeVGid5SGzPz6SqS8o/88Hsh1+4vmrG93iw98wQNa65FpxZ/0VNKbh2kNuVsMDHgNSlqNrW4g==",
      "requires": {
        "lodash": "^4.17.19",
        "prop-types": "^15.5.8",
        "react-fast-compare": "^2.0.0",
        "victory-core": "^35.6.1",
        "victory-shared-events": "^35.6.1"
      }
    },
    "victory-histogram": {
      "version": "35.6.1",
      "resolved": "https://registry.npmjs.org/victory-histogram/-/victory-histogram-35.6.1.tgz",
      "integrity": "sha512-XSv98zh3CGm/odDXgiHcXe6ZJwEc6axEEWiShNYdLJSFWo2ag9QVDWy8nnD9KcpWJNGWvamlY8kmRHrseeXDiQ==",
      "requires": {
        "d3-array": "^2.4.0",
        "d3-scale": "^1.0.0",
        "lodash": "^4.17.19",
        "prop-types": "^15.5.8",
        "react-fast-compare": "^2.0.0",
        "victory-bar": "^35.6.1",
        "victory-core": "^35.6.1"
      },
      "dependencies": {
        "d3-array": {
          "version": "2.12.1",
          "resolved": "https://registry.npmjs.org/d3-array/-/d3-array-2.12.1.tgz",
          "integrity": "sha512-B0ErZK/66mHtEsR1TkPEEkwdy+WDesimkM5gpZr5Dsg54BiTA5RXtYW5qTLIAcekaS9xfZrzBLF/OAkB3Qn1YQ==",
          "requires": {
            "internmap": "^1.0.0"
          }
        }
      }
    },
    "victory-legend": {
      "version": "35.6.1",
      "resolved": "https://registry.npmjs.org/victory-legend/-/victory-legend-35.6.1.tgz",
      "integrity": "sha512-remdbxBrrqrE3DyLQKMsnaPYFv+p6kwR7UNszfDXJA9ONauhgM6DX/0fbry4B3BUjeo8UW5LAglMduvQW/8Fhw==",
      "requires": {
        "lodash": "^4.17.19",
        "prop-types": "^15.5.8",
        "victory-core": "^35.6.1"
      }
    },
    "victory-line": {
      "version": "35.6.1",
      "resolved": "https://registry.npmjs.org/victory-line/-/victory-line-35.6.1.tgz",
      "integrity": "sha512-rettiVLtpxcvq6WPjeMp6/pxigFKEZKVQDHRxndghCzMWVnr9OfUWN4xVb+PfUjdpmJjrNy0w6ulZ8rYArAuNA==",
      "requires": {
        "d3-shape": "^1.2.0",
        "lodash": "^4.17.19",
        "prop-types": "^15.5.8",
        "victory-core": "^35.6.1"
      }
    },
    "victory-pie": {
      "version": "35.6.1",
      "resolved": "https://registry.npmjs.org/victory-pie/-/victory-pie-35.6.1.tgz",
      "integrity": "sha512-pKEv6HQS0EIJw22xVM1LJyqPd6fCfWmiXHIDvOHCmH2YUQaCtBW1OAJOdSAyNBxVzKaCaioiei7VQboR9cpOqw==",
      "requires": {
        "d3-shape": "^1.0.0",
        "lodash": "^4.17.19",
        "prop-types": "^15.5.8",
        "victory-core": "^35.6.1"
      }
    },
    "victory-polar-axis": {
      "version": "35.6.1",
      "resolved": "https://registry.npmjs.org/victory-polar-axis/-/victory-polar-axis-35.6.1.tgz",
      "integrity": "sha512-UdeSda1J5pJKmpF3uaoFCmJSUR757ZrUuX3oIqGApmfJhdkXk2069+YSZ6T4NAGAWHq9pcVnP/h2YjfY55DBTQ==",
      "requires": {
        "lodash": "^4.17.19",
        "prop-types": "^15.5.8",
        "victory-core": "^35.6.1"
      }
    },
    "victory-scatter": {
      "version": "35.6.1",
      "resolved": "https://registry.npmjs.org/victory-scatter/-/victory-scatter-35.6.1.tgz",
      "integrity": "sha512-8mooLkHDFghK0yTJEkzAE0lazWOWyEWdV4bN4VS1Yhf+6egrqYO+SebkGurwdzTMT9XEZWfphesjIhi3ZcADhg==",
      "requires": {
        "lodash": "^4.17.19",
        "prop-types": "^15.5.8",
        "victory-core": "^35.6.1"
      }
    },
    "victory-selection-container": {
      "version": "35.6.1",
      "resolved": "https://registry.npmjs.org/victory-selection-container/-/victory-selection-container-35.6.1.tgz",
      "integrity": "sha512-H2ViBEsVypTcmRVQ75cHvMJLy+M7osMhdJw3hmJhuvm8n3907jqW3yUDGUZrFZdPZqvU522oRdqMVbMskoi3pA==",
      "requires": {
        "lodash": "^4.17.19",
        "prop-types": "^15.5.8",
        "victory-core": "^35.6.1"
      }
    },
    "victory-shared-events": {
      "version": "35.6.1",
      "resolved": "https://registry.npmjs.org/victory-shared-events/-/victory-shared-events-35.6.1.tgz",
      "integrity": "sha512-TnPyNjkquhNw+X/P1xyZ7b4r9L5vknpW+eGFqsktGiV4XHTKRK9QQrX73wioLZmkjwDlfMtcZmUztUC83tGf8g==",
      "requires": {
        "json-stringify-safe": "^5.0.1",
        "lodash": "^4.17.19",
        "prop-types": "^15.5.8",
        "react-fast-compare": "^2.0.0",
        "victory-core": "^35.6.1"
      }
    },
    "victory-stack": {
      "version": "35.6.1",
      "resolved": "https://registry.npmjs.org/victory-stack/-/victory-stack-35.6.1.tgz",
      "integrity": "sha512-WqmIJqQWjzplNihBfb9HutY65sDBVgJ4fBAZIupnLS/wk9/lV1AYWrPJMnWdwFYSvywBLl4/EYV3miTaOfwqUA==",
      "requires": {
        "lodash": "^4.17.19",
        "prop-types": "^15.5.8",
        "react-fast-compare": "^2.0.0",
        "victory-core": "^35.6.1",
        "victory-shared-events": "^35.6.1"
      }
    },
    "victory-tooltip": {
      "version": "35.6.1",
      "resolved": "https://registry.npmjs.org/victory-tooltip/-/victory-tooltip-35.6.1.tgz",
      "integrity": "sha512-thnj6oLws7IEgCJOGejv0tIQ/msnorwGDNCFIBy5lmEItKf8AjxsJnlw5Fyhcyx0peKjSPkR+tlofR+68xkfwg==",
      "requires": {
        "lodash": "^4.17.19",
        "prop-types": "^15.5.8",
        "victory-core": "^35.6.1"
      }
    },
    "victory-voronoi": {
      "version": "35.6.1",
      "resolved": "https://registry.npmjs.org/victory-voronoi/-/victory-voronoi-35.6.1.tgz",
      "integrity": "sha512-5eo+g8dktmwTxOlKKVUJHcQmnAyK1ry1VmK45esw4UQ8c0ICdx6SeGP0CYHs2n0cTvSpPIfRS7E6KMGOvP9cAQ==",
      "requires": {
        "d3-voronoi": "^1.1.2",
        "lodash": "^4.17.19",
        "prop-types": "^15.5.8",
        "victory-core": "^35.6.1"
      }
    },
    "victory-voronoi-container": {
      "version": "35.6.1",
      "resolved": "https://registry.npmjs.org/victory-voronoi-container/-/victory-voronoi-container-35.6.1.tgz",
      "integrity": "sha512-VTJ/phcE5d6g5V87qNaUlODf0wiqTEcY+10PDLIGyAErR627gm0qv89d+SoS5desqFzUjYisKX4WyNig3TKSZg==",
      "requires": {
        "delaunay-find": "0.0.5",
        "lodash": "^4.17.19",
        "prop-types": "^15.5.8",
        "react-fast-compare": "^2.0.0",
        "victory-core": "^35.6.1",
        "victory-tooltip": "^35.6.1"
      }
    },
    "victory-zoom-container": {
      "version": "35.6.1",
      "resolved": "https://registry.npmjs.org/victory-zoom-container/-/victory-zoom-container-35.6.1.tgz",
      "integrity": "sha512-VHM6RxfYZX5nFo7dPSw0j1xD/wIUuonz0Dewap/ZSrcJVvRUXW+PROHVeI4CvI7A5zw6To4l3dCeFG5MBHRGHw==",
      "requires": {
        "lodash": "^4.17.19",
        "prop-types": "^15.5.8",
        "victory-core": "^35.6.1"
      }
    }
  }
}
